
Microsoft Visual Studio Solution File, Format Version 12.00
# Visual Studio 15
VisualStudioVersion = 15.0.28010.2041
MinimumVisualStudioVersion = 10.0.40219.1
Project("{888888A0-9F3D-457C-B088-3A5042F75D52}") = "Fit Bot", "Fit Bot\Fit Bot.pyproj", "{5700CD87-DFCC-4CB0-A142-06E49943BD01}"
EndProject
Global
	GlobalSection(SolutionConfigurationPlatforms) = preSolution
		Debug|Any CPU = Debug|Any CPU
		Release|Any CPU = Release|Any CPU
	EndGlobalSection
	GlobalSection(ProjectConfigurationPlatforms) = postSolution
		{5700CD87-DFCC-4CB0-A142-06E49943BD01}.Debug|Any CPU.ActiveCfg = Debug|Any CPU
		{5700CD87-DFCC-4CB0-A142-06E49943BD01}.Release|Any CPU.ActiveCfg = Release|Any CPU
	EndGlobalSection
	GlobalSection(SolutionProperties) = preSolution
		HideSolutionNode = FALSE
	EndGlobalSection
	GlobalSection(ExtensibilityGlobals) = postSolution
		SolutionGuid = {B3AA62BC-AA7A-4E3C-8D0B-DB745E4D0ABA}
	EndGlobalSection
EndGlobal
